
Microsoft Visual Studio Solution File, Format Version 12.00
# Visual Studio Version 17
VisualStudioVersion = 17.1.32210.238
MinimumVisualStudioVersion = 10.0.40219.1
Project("{FAE04EC0-301F-11D3-BF4B-00C04F79EFBC}") = "Session 2b", "Session 2b\Session 2b.csproj", "{3DC8FF0F-15A6-41D6-B6E7-2E34FA4CC609}"
EndProject
Global
	GlobalSection(SolutionConfigurationPlatforms) = preSolution
		Debug|Any CPU = Debug|Any CPU
		Release|Any CPU = Release|Any CPU
	EndGlobalSection
	GlobalSection(ProjectConfigurationPlatforms) = postSolution
		{3DC8FF0F-15A6-41D6-B6E7-2E34FA4CC609}.Debug|Any CPU.ActiveCfg = Debug|Any CPU
		{3DC8FF0F-15A6-41D6-B6E7-2E34FA4CC609}.Debug|Any CPU.Build.0 = Debug|Any CPU
		{3DC8FF0F-15A6-41D6-B6E7-2E34FA4CC609}.Release|Any CPU.ActiveCfg = Release|Any CPU
		{3DC8FF0F-15A6-41D6-B6E7-2E34FA4CC609}.Release|Any CPU.Build.0 = Release|Any CPU
	EndGlobalSection
	GlobalSection(SolutionProperties) = preSolution
		HideSolutionNode = FALSE
	EndGlobalSection
	GlobalSection(ExtensibilityGlobals) = postSolution
		SolutionGuid = {A763CCC2-347D-411D-A837-EB88390C76FE}
	EndGlobalSection
EndGlobal
