
Microsoft Visual Studio Solution File, Format Version 12.00
# Visual Studio Version 17
VisualStudioVersion = 17.1.32228.430
MinimumVisualStudioVersion = 10.0.40219.1
Project("{FAE04EC0-301F-11D3-BF4B-00C04F79EFBC}") = "Session-14.Win", "Session-12.Win\Session-14.Win.csproj", "{4A01F9BF-6DE9-4CC1-B4E1-856F8F38DE6F}"
EndProject
Project("{FAE04EC0-301F-11D3-BF4B-00C04F79EFBC}") = "Session-14.Model", "Session-14.Model\Session-14.Model.csproj", "{91D7551C-CE47-46C1-AEC3-1875A7C7E4FA}"
EndProject
Project("{FAE04EC0-301F-11D3-BF4B-00C04F79EFBC}") = "Session-14.EF", "Session-14.EF\Session-14.EF.csproj", "{73E72473-0FC0-432D-AF59-FF23C9C27751}"
EndProject
Global
	GlobalSection(SolutionConfigurationPlatforms) = preSolution
		Debug|Any CPU = Debug|Any CPU
		Release|Any CPU = Release|Any CPU
	EndGlobalSection
	GlobalSection(ProjectConfigurationPlatforms) = postSolution
		{4A01F9BF-6DE9-4CC1-B4E1-856F8F38DE6F}.Debug|Any CPU.ActiveCfg = Debug|Any CPU
		{4A01F9BF-6DE9-4CC1-B4E1-856F8F38DE6F}.Debug|Any CPU.Build.0 = Debug|Any CPU
		{4A01F9BF-6DE9-4CC1-B4E1-856F8F38DE6F}.Release|Any CPU.ActiveCfg = Release|Any CPU
		{4A01F9BF-6DE9-4CC1-B4E1-856F8F38DE6F}.Release|Any CPU.Build.0 = Release|Any CPU
		{91D7551C-CE47-46C1-AEC3-1875A7C7E4FA}.Debug|Any CPU.ActiveCfg = Debug|Any CPU
		{91D7551C-CE47-46C1-AEC3-1875A7C7E4FA}.Debug|Any CPU.Build.0 = Debug|Any CPU
		{91D7551C-CE47-46C1-AEC3-1875A7C7E4FA}.Release|Any CPU.ActiveCfg = Release|Any CPU
		{91D7551C-CE47-46C1-AEC3-1875A7C7E4FA}.Release|Any CPU.Build.0 = Release|Any CPU
		{73E72473-0FC0-432D-AF59-FF23C9C27751}.Debug|Any CPU.ActiveCfg = Debug|Any CPU
		{73E72473-0FC0-432D-AF59-FF23C9C27751}.Debug|Any CPU.Build.0 = Debug|Any CPU
		{73E72473-0FC0-432D-AF59-FF23C9C27751}.Release|Any CPU.ActiveCfg = Release|Any CPU
		{73E72473-0FC0-432D-AF59-FF23C9C27751}.Release|Any CPU.Build.0 = Release|Any CPU
	EndGlobalSection
	GlobalSection(SolutionProperties) = preSolution
		HideSolutionNode = FALSE
	EndGlobalSection
	GlobalSection(ExtensibilityGlobals) = postSolution
		SolutionGuid = {ABEB0F77-12AA-4C08-901F-18C5AA93D0AD}
	EndGlobalSection
EndGlobal
